// !$*UTF8*$!
{
	archiveVersion = 1;
	classes = {
	};
	objectVersion = 55;
	objects = {

/* Begin PBXBuildFile section */
		15B1720F27FD78960052820F /* ListPhotoSwiftApp.swift in Sources */ = {isa = PBXBuildFile; fileRef = 15B1720E27FD78960052820F /* ListPhotoSwiftApp.swift */; };
		15B1721327FD78980052820F /* Assets.xcassets in Resources */ = {isa = PBXBuildFile; fileRef = 15B1721227FD78980052820F /* Assets.xcassets */; };
		15B1721627FD78980052820F /* Preview Assets.xcassets in Resources */ = {isa = PBXBuildFile; fileRef = 15B1721527FD78980052820F /* Preview Assets.xcassets */; };
		15B1721F27FD7C230052820F /* ListPhotoView.swift in Sources */ = {isa = PBXBuildFile; fileRef = 15B1721E27FD7C230052820F /* ListPhotoView.swift */; };
		15B1722127FD7C4F0052820F /* ListPhotoViewModel.swift in Sources */ = {isa = PBXBuildFile; fileRef = 15B1722027FD7C4F0052820F /* ListPhotoViewModel.swift */; };
		15B1722327FD7F710052820F /* PhotoDetailViewModel.swift in Sources */ = {isa = PBXBuildFile; fileRef = 15B1722227FD7F710052820F /* PhotoDetailViewModel.swift */; };
		15B1722527FD7F7C0052820F /* PhotoDetailView.swift in Sources */ = {isa = PBXBuildFile; fileRef = 15B1722427FD7F7C0052820F /* PhotoDetailView.swift */; };
		15B1722A27FD82B80052820F /* ImagePicker.swift in Sources */ = {isa = PBXBuildFile; fileRef = 15B1722927FD82B80052820F /* ImagePicker.swift */; };
		15B1722C27FD82E60052820F /* Coordinator.swift in Sources */ = {isa = PBXBuildFile; fileRef = 15B1722B27FD82E60052820F /* Coordinator.swift */; };
		15B1722E27FD83380052820F /* Picture.swift in Sources */ = {isa = PBXBuildFile; fileRef = 15B1722D27FD83380052820F /* Picture.swift */; };
		15B1723027FDA3A70052820F /* ShareSheet.swift in Sources */ = {isa = PBXBuildFile; fileRef = 15B1722F27FDA3A70052820F /* ShareSheet.swift */; };
/* End PBXBuildFile section */

/* Begin PBXFileReference section */
		15B1720B27FD78960052820F /* ListPhotoSwift.app */ = {isa = PBXFileReference; explicitFileType = wrapper.application; includeInIndex = 0; path = ListPhotoSwift.app; sourceTree = BUILT_PRODUCTS_DIR; };
		15B1720E27FD78960052820F /* ListPhotoSwiftApp.swift */ = {isa = PBXFileReference; lastKnownFileType = sourcecode.swift; path = ListPhotoSwiftApp.swift; sourceTree = "<group>"; };
		15B1721227FD78980052820F /* Assets.xcassets */ = {isa = PBXFileReference; lastKnownFileType = folder.assetcatalog; path = Assets.xcassets; sourceTree = "<group>"; };
		15B1721527FD78980052820F /* Preview Assets.xcassets */ = {isa = PBXFileReference; lastKnownFileType = folder.assetcatalog; path = "Preview Assets.xcassets"; sourceTree = "<group>"; };
		15B1721E27FD7C230052820F /* ListPhotoView.swift */ = {isa = PBXFileReference; lastKnownFileType = sourcecode.swift; path = ListPhotoView.swift; sourceTree = "<group>"; };
		15B1722027FD7C4F0052820F /* ListPhotoViewModel.swift */ = {isa = PBXFileReference; lastKnownFileType = sourcecode.swift; path = ListPhotoViewModel.swift; sourceTree = "<group>"; };
		15B1722227FD7F710052820F /* PhotoDetailViewModel.swift */ = {isa = PBXFileReference; lastKnownFileType = sourcecode.swift; path = PhotoDetailViewModel.swift; sourceTree = "<group>"; };
		15B1722427FD7F7C0052820F /* PhotoDetailView.swift */ = {isa = PBXFileReference; lastKnownFileType = sourcecode.swift; path = PhotoDetailView.swift; sourceTree = "<group>"; };
		15B1722627FD82730052820F /* Info.plist */ = {isa = PBXFileReference; lastKnownFileType = text.plist; path = Info.plist; sourceTree = "<group>"; };
		15B1722927FD82B80052820F /* ImagePicker.swift */ = {isa = PBXFileReference; lastKnownFileType = sourcecode.swift; path = ImagePicker.swift; sourceTree = "<group>"; };
		15B1722B27FD82E60052820F /* Coordinator.swift */ = {isa = PBXFileReference; lastKnownFileType = sourcecode.swift; path = Coordinator.swift; sourceTree = "<group>"; };
		15B1722D27FD83380052820F /* Picture.swift */ = {isa = PBXFileReference; lastKnownFileType = sourcecode.swift; path = Picture.swift; sourceTree = "<group>"; };
		15B1722F27FDA3A70052820F /* ShareSheet.swift */ = {isa = PBXFileReference; lastKnownFileType = sourcecode.swift; path = ShareSheet.swift; sourceTree = "<group>"; };
/* End PBXFileReference section */

/* Begin PBXFrameworksBuildPhase section */
		15B1720827FD78960052820F /* Frameworks */ = {
			isa = PBXFrameworksBuildPhase;
			buildActionMask = 2147483647;
			files = (
			);
			runOnlyForDeploymentPostprocessing = 0;
		};
/* End PBXFrameworksBuildPhase section */

/* Begin PBXGroup section */
		15B1720227FD78960052820F = {
			isa = PBXGroup;
			children = (
				15B1720D27FD78960052820F /* ListPhotoSwift */,
				15B1720C27FD78960052820F /* Products */,
			);
			sourceTree = "<group>";
		};
		15B1720C27FD78960052820F /* Products */ = {
			isa = PBXGroup;
			children = (
				15B1720B27FD78960052820F /* ListPhotoSwift.app */,
			);
			name = Products;
			sourceTree = "<group>";
		};
		15B1720D27FD78960052820F /* ListPhotoSwift */ = {
			isa = PBXGroup;
			children = (
				15B1722827FD829E0052820F /* Views */,
				15B1722727FD829A0052820F /* Models */,
				15B1722627FD82730052820F /* Info.plist */,
				15B1720E27FD78960052820F /* ListPhotoSwiftApp.swift */,
				15B1721227FD78980052820F /* Assets.xcassets */,
				15B1721427FD78980052820F /* Preview Content */,
			);
			path = ListPhotoSwift;
			sourceTree = "<group>";
		};
		15B1721427FD78980052820F /* Preview Content */ = {
			isa = PBXGroup;
			children = (
				15B1721527FD78980052820F /* Preview Assets.xcassets */,
			);
			path = "Preview Content";
			sourceTree = "<group>";
		};
		15B1721C27FD7BF30052820F /* ListPhoto */ = {
			isa = PBXGroup;
			children = (
				15B1721E27FD7C230052820F /* ListPhotoView.swift */,
				15B1722027FD7C4F0052820F /* ListPhotoViewModel.swift */,
			);
			path = ListPhoto;
			sourceTree = "<group>";
		};
		15B1721D27FD7BFC0052820F /* PhotoDetail */ = {
			isa = PBXGroup;
			children = (
				15B1722427FD7F7C0052820F /* PhotoDetailView.swift */,
				15B1722227FD7F710052820F /* PhotoDetailViewModel.swift */,
			);
			path = PhotoDetail;
			sourceTree = "<group>";
		};
		15B1722727FD829A0052820F /* Models */ = {
			isa = PBXGroup;
			children = (
				15B1722927FD82B80052820F /* ImagePicker.swift */,
				15B1722B27FD82E60052820F /* Coordinator.swift */,
				15B1722D27FD83380052820F /* Picture.swift */,
				15B1722F27FDA3A70052820F /* ShareSheet.swift */,
			);
			path = Models;
			sourceTree = "<group>";
		};
		15B1722827FD829E0052820F /* Views */ = {
			isa = PBXGroup;
			children = (
				15B1721D27FD7BFC0052820F /* PhotoDetail */,
				15B1721C27FD7BF30052820F /* ListPhoto */,
			);
			path = Views;
			sourceTree = "<group>";
		};
/* End PBXGroup section */

/* Begin PBXNativeTarget section */
		15B1720A27FD78960052820F /* ListPhotoSwift */ = {
			isa = PBXNativeTarget;
			buildConfigurationList = 15B1721927FD78980052820F /* Build configuration list for PBXNativeTarget "ListPhotoSwift" */;
			buildPhases = (
				15B1720727FD78960052820F /* Sources */,
				15B1720827FD78960052820F /* Frameworks */,
				15B1720927FD78960052820F /* Resources */,
			);
			buildRules = (
			);
			dependencies = (
			);
			name = ListPhotoSwift;
			productName = ListPhotoSwift;
			productReference = 15B1720B27FD78960052820F /* ListPhotoSwift.app */;
			productType = "com.apple.product-type.application";
		};
/* End PBXNativeTarget section */

/* Begin PBXProject section */
		15B1720327FD78960052820F /* Project object */ = {
			isa = PBXProject;
			attributes = {
				BuildIndependentTargetsInParallel = 1;
				LastSwiftUpdateCheck = 1330;
				LastUpgradeCheck = 1330;
				TargetAttributes = {
					15B1720A27FD78960052820F = {
						CreatedOnToolsVersion = 13.3;
					};
				};
			};
			buildConfigurationList = 15B1720627FD78960052820F /* Build configuration list for PBXProject "ListPhotoSwift" */;
			compatibilityVersion = "Xcode 13.0";
			developmentRegion = en;
			hasScannedForEncodings = 0;
			knownRegions = (
				en,
				Base,
			);
			mainGroup = 15B1720227FD78960052820F;
			productRefGroup = 15B1720C27FD78960052820F /* Products */;
			projectDirPath = "";
			projectRoot = "";
			targets = (
				15B1720A27FD78960052820F /* ListPhotoSwift */,
			);
		};
/* End PBXProject section */

/* Begin PBXResourcesBuildPhase section */
		15B1720927FD78960052820F /* Resources */ = {
			isa = PBXResourcesBuildPhase;
			buildActionMask = 2147483647;
			files = (
				15B1721627FD78980052820F /* Preview Assets.xcassets in Resources */,
				15B1721327FD78980052820F /* Assets.xcassets in Resources */,
			);
			runOnlyForDeploymentPostprocessing = 0;
		};
/* End PBXResourcesBuildPhase section */

/* Begin PBXSourcesBuildPhase section */
		15B1720727FD78960052820F /* Sources */ = {
			isa = PBXSourcesBuildPhase;
			buildActionMask = 2147483647;
			files = (
				15B1721F27FD7C230052820F /* ListPhotoView.swift in Sources */,
				15B1722127FD7C4F0052820F /* ListPhotoViewModel.swift in Sources */,
				15B1722327FD7F710052820F /* PhotoDetailViewModel.swift in Sources */,
				15B1722527FD7F7C0052820F /* PhotoDetailView.swift in Sources */,
				15B1722E27FD83380052820F /* Picture.swift in Sources */,
				15B1722A27FD82B80052820F /* ImagePicker.swift in Sources */,
				15B1720F27FD78960052820F /* ListPhotoSwiftApp.swift in Sources */,
				15B1723027FDA3A70052820F /* ShareSheet.swift in Sources */,
				15B1722C27FD82E60052820F /* Coordinator.swift in Sources */,
			);
			runOnlyForDeploymentPostprocessing = 0;
		};
/* End PBXSourcesBuildPhase section */

/* Begin XCBuildConfiguration section */
		15B1721727FD78980052820F /* Debug */ = {
			isa = XCBuildConfiguration;
			buildSettings = {
				ALWAYS_SEARCH_USER_PATHS = NO;
				CLANG_ANALYZER_NONNULL = YES;
				CLANG_ANALYZER_NUMBER_OBJECT_CONVERSION = YES_AGGRESSIVE;
				CLANG_CXX_LANGUAGE_STANDARD = "gnu++17";
				CLANG_ENABLE_MODULES = YES;
				CLANG_ENABLE_OBJC_ARC = YES;
				CLANG_ENABLE_OBJC_WEAK = YES;
				CLANG_WARN_BLOCK_CAPTURE_AUTORELEASING = YES;
				CLANG_WARN_BOOL_CONVERSION = YES;
				CLANG_WARN_COMMA = YES;
				CLANG_WARN_CONSTANT_CONVERSION = YES;
				CLANG_WARN_DEPRECATED_OBJC_IMPLEMENTATIONS = YES;
				CLANG_WARN_DIRECT_OBJC_ISA_USAGE = YES_ERROR;
				CLANG_WARN_DOCUMENTATION_COMMENTS = YES;
				CLANG_WARN_EMPTY_BODY = YES;
				CLANG_WARN_ENUM_CONVERSION = YES;
				CLANG_WARN_INFINITE_RECURSION = YES;
				CLANG_WARN_INT_CONVERSION = YES;
				CLANG_WARN_NON_LITERAL_NULL_CONVERSION = YES;
				CLANG_WARN_OBJC_IMPLICIT_RETAIN_SELF = YES;
				CLANG_WARN_OBJC_LITERAL_CONVERSION = YES;
				CLANG_WARN_OBJC_ROOT_CLASS = YES_ERROR;
				CLANG_WARN_QUOTED_INCLUDE_IN_FRAMEWORK_HEADER = YES;
				CLANG_WARN_RANGE_LOOP_ANALYSIS = YES;
				CLANG_WARN_STRICT_PROTOTYPES = YES;
				CLANG_WARN_SUSPICIOUS_MOVE = YES;
				CLANG_WARN_UNGUARDED_AVAILABILITY = YES_AGGRESSIVE;
				CLANG_WARN_UNREACHABLE_CODE = YES;
				CLANG_WARN__DUPLICATE_METHOD_MATCH = YES;
				COPY_PHASE_STRIP = NO;
				DEBUG_INFORMATION_FORMAT = dwarf;
				ENABLE_STRICT_OBJC_MSGSEND = YES;
				ENABLE_TESTABILITY = YES;
				GCC_C_LANGUAGE_STANDARD = gnu11;
				GCC_DYNAMIC_NO_PIC = NO;
				GCC_NO_COMMON_BLOCKS = YES;
				GCC_OPTIMIZATION_LEVEL = 0;
				GCC_PREPROCESSOR_DEFINITIONS = (
					"DEBUG=1",
					"$(inherited)",
				);
				GCC_WARN_64_TO_32_BIT_CONVERSION = YES;
				GCC_WARN_ABOUT_RETURN_TYPE = YES_ERROR;
				GCC_WARN_UNDECLARED_SELECTOR = YES;
				GCC_WARN_UNINITIALIZED_AUTOS = YES_AGGRESSIVE;
				GCC_WARN_UNUSED_FUNCTION = YES;
				GCC_WARN_UNUSED_VARIABLE = YES;
				IPHONEOS_DEPLOYMENT_TARGET = 15.4;
				MTL_ENABLE_DEBUG_INFO = INCLUDE_SOURCE;
				MTL_FAST_MATH = YES;
				ONLY_ACTIVE_ARCH = YES;
				SDKROOT = iphoneos;
				SWIFT_ACTIVE_COMPILATION_CONDITIONS = DEBUG;
				SWIFT_OPTIMIZATION_LEVEL = "-Onone";
			};
			name = Debug;
		};
		15B1721827FD78980052820F /* Release */ = {
			isa = XCBuildConfiguration;
			buildSettings = {
				ALWAYS_SEARCH_USER_PATHS = NO;
				CLANG_ANALYZER_NONNULL = YES;
				CLANG_ANALYZER_NUMBER_OBJECT_CONVERSION = YES_AGGRESSIVE;
				CLANG_CXX_LANGUAGE_STANDARD = "gnu++17";
				CLANG_ENABLE_MODULES = YES;
				CLANG_ENABLE_OBJC_ARC = YES;
				CLANG_ENABLE_OBJC_WEAK = YES;
				CLANG_WARN_BLOCK_CAPTURE_AUTORELEASING = YES;
				CLANG_WARN_BOOL_CONVERSION = YES;
				CLANG_WARN_COMMA = YES;
				CLANG_WARN_CONSTANT_CONVERSION = YES;
				CLANG_WARN_DEPRECATED_OBJC_IMPLEMENTATIONS = YES;
				CLANG_WARN_DIRECT_OBJC_ISA_USAGE = YES_ERROR;
				CLANG_WARN_DOCUMENTATION_COMMENTS = YES;
				CLANG_WARN_EMPTY_BODY = YES;
				CLANG_WARN_ENUM_CONVERSION = YES;
				CLANG_WARN_INFINITE_RECURSION = YES;
				CLANG_WARN_INT_CONVERSION = YES;
				CLANG_WARN_NON_LITERAL_NULL_CONVERSION = YES;
				CLANG_WARN_OBJC_IMPLICIT_RETAIN_SELF = YES;
				CLANG_WARN_OBJC_LITERAL_CONVERSION = YES;
				CLANG_WARN_OBJC_ROOT_CLASS = YES_ERROR;
				CLANG_WARN_QUOTED_INCLUDE_IN_FRAMEWORK_HEADER = YES;
				CLANG_WARN_RANGE_LOOP_ANALYSIS = YES;
				CLANG_WARN_STRICT_PROTOTYPES = YES;
				CLANG_WARN_SUSPICIOUS_MOVE = YES;
				CLANG_WARN_UNGUARDED_AVAILABILITY = YES_AGGRESSIVE;
				CLANG_WARN_UNREACHABLE_CODE = YES;
				CLANG_WARN__DUPLICATE_METHOD_MATCH = YES;
				COPY_PHASE_STRIP = NO;
				DEBUG_INFORMATION_FORMAT = "dwarf-with-dsym";
				ENABLE_NS_ASSERTIONS = NO;
				ENABLE_STRICT_OBJC_MSGSEND = YES;
				GCC_C_LANGUAGE_STANDARD = gnu11;
				GCC_NO_COMMON_BLOCKS = YES;
				GCC_WARN_64_TO_32_BIT_CONVERSION = YES;
				GCC_WARN_ABOUT_RETURN_TYPE = YES_ERROR;
				GCC_WARN_UNDECLARED_SELECTOR = YES;
				GCC_WARN_UNINITIALIZED_AUTOS = YES_AGGRESSIVE;
				GCC_WARN_UNUSED_FUNCTION = YES;
				GCC_WARN_UNUSED_VARIABLE = YES;
				IPHONEOS_DEPLOYMENT_TARGET = 15.4;
				MTL_ENABLE_DEBUG_INFO = NO;
				MTL_FAST_MATH = YES;
				SDKROOT = iphoneos;
				SWIFT_COMPILATION_MODE = wholemodule;
				SWIFT_OPTIMIZATION_LEVEL = "-O";
				VALIDATE_PRODUCT = YES;
			};
			name = Release;
		};
		15B1721A27FD78980052820F /* Debug */ = {
			isa = XCBuildConfiguration;
			buildSettings = {
				ASSETCATALOG_COMPILER_APPICON_NAME = AppIcon;
				ASSETCATALOG_COMPILER_GLOBAL_ACCENT_COLOR_NAME = AccentColor;
				CODE_SIGN_STYLE = Automatic;
				CURRENT_PROJECT_VERSION = 1;
				DEVELOPMENT_ASSET_PATHS = "\"ListPhotoSwift/Preview Content\"";
				DEVELOPMENT_TEAM = N99G5ZJN8Y;
				ENABLE_PREVIEWS = YES;
				GENERATE_INFOPLIST_FILE = YES;
				INFOPLIST_FILE = ListPhotoSwift/Info.plist;
				INFOPLIST_KEY_NSCameraUsageDescription = "We need camera bro";
				INFOPLIST_KEY_UIApplicationSceneManifest_Generation = YES;
				INFOPLIST_KEY_UIApplicationSupportsIndirectInputEvents = YES;
				INFOPLIST_KEY_UILaunchScreen_Generation = YES;
				INFOPLIST_KEY_UISupportedInterfaceOrientations_iPad = "UIInterfaceOrientationPortrait UIInterfaceOrientationPortraitUpsideDown UIInterfaceOrientationLandscapeLeft UIInterfaceOrientationLandscapeRight";
				INFOPLIST_KEY_UISupportedInterfaceOrientations_iPhone = "UIInterfaceOrientationPortrait UIInterfaceOrientationLandscapeLeft UIInterfaceOrientationLandscapeRight";
				LD_RUNPATH_SEARCH_PATHS = (
					"$(inherited)",
					"@executable_path/Frameworks",
				);
				MARKETING_VERSION = 1.0;
				PRODUCT_BUNDLE_IDENTIFIER = "fr.clement-dudit.ListPhotoSwift";
				PRODUCT_NAME = "$(TARGET_NAME)";
				SWIFT_EMIT_LOC_STRINGS = YES;
				SWIFT_VERSION = 5.0;
				TARGETED_DEVICE_FAMILY = "1,2";
			};
			name = Debug;
		};
		15B1721B27FD78980052820F /* Release */ = {
			isa = XCBuildConfiguration;
			buildSettings = {
				ASSETCATALOG_COMPILER_APPICON_NAME = AppIcon;
				ASSETCATALOG_COMPILER_GLOBAL_ACCENT_COLOR_NAME = AccentColor;
				CODE_SIGN_STYLE = Automatic;
				CURRENT_PROJECT_VERSION = 1;
				DEVELOPMENT_ASSET_PATHS = "\"ListPhotoSwift/Preview Content\"";
				DEVELOPMENT_TEAM = N99G5ZJN8Y;
				ENABLE_PREVIEWS = YES;
				GENERATE_INFOPLIST_FILE = YES;
				INFOPLIST_FILE = ListPhotoSwift/Info.plist;
				INFOPLIST_KEY_NSCameraUsageDescription = "We need camera bro";
				INFOPLIST_KEY_UIApplicationSceneManifest_Generation = YES;
				INFOPLIST_KEY_UIApplicationSupportsIndirectInputEvents = YES;
				INFOPLIST_KEY_UILaunchScreen_Generation = YES;
				INFOPLIST_KEY_UISupportedInterfaceOrientations_iPad = "UIInterfaceOrientationPortrait UIInterfaceOrientationPortraitUpsideDown UIInterfaceOrientationLandscapeLeft UIInterfaceOrientationLandscapeRight";
				INFOPLIST_KEY_UISupportedInterfaceOrientations_iPhone = "UIInterfaceOrientationPortrait UIInterfaceOrientationLandscapeLeft UIInterfaceOrientationLandscapeRight";
				LD_RUNPATH_SEARCH_PATHS = (
					"$(inherited)",
					"@executable_path/Frameworks",
				);
				MARKETING_VERSION = 1.0;
				PRODUCT_BUNDLE_IDENTIFIER = "fr.clement-dudit.ListPhotoSwift";
				PRODUCT_NAME = "$(TARGET_NAME)";
				SWIFT_EMIT_LOC_STRINGS = YES;
				SWIFT_VERSION = 5.0;
				TARGETED_DEVICE_FAMILY = "1,2";
			};
			name = Release;
		};
/* End XCBuildConfiguration section */

/* Begin XCConfigurationList section */
		15B1720627FD78960052820F /* Build configuration list for PBXProject "ListPhotoSwift" */ = {
			isa = XCConfigurationList;
			buildConfigurations = (
				15B1721727FD78980052820F /* Debug */,
				15B1721827FD78980052820F /* Release */,
			);
			defaultConfigurationIsVisible = 0;
			defaultConfigurationName = Release;
		};
		15B1721927FD78980052820F /* Build configuration list for PBXNativeTarget "ListPhotoSwift" */ = {
			isa = XCConfigurationList;
			buildConfigurations = (
				15B1721A27FD78980052820F /* Debug */,
				15B1721B27FD78980052820F /* Release */,
			);
			defaultConfigurationIsVisible = 0;
			defaultConfigurationName = Release;
		};
/* End XCConfigurationList section */
	};
	rootObject = 15B1720327FD78960052820F /* Project object */;
}
